// !$*UTF8*$!
{
	archiveVersion = 1;
	classes = {
	};
	objectVersion = 56;
	objects = {

/* Begin PBXBuildFile section */
		A17E897C2C16F4BB009CAADB /* Launch Screen.storyboard in Resources */ = {isa = PBXBuildFile; fileRef = A17E897B2C16F4BB009CAADB /* Launch Screen.storyboard */; };
		A1B574092AFAA89300A54ACE /* ArtemisExamCheckKit in Frameworks */ = {isa = PBXBuildFile; productRef = A1B574082AFAA89300A54ACE /* ArtemisExamCheckKit */; };
		D55C08352975A0E800DC6B80 /* ArtemisExamCheckApp.swift in Sources */ = {isa = PBXBuildFile; fileRef = D55C08342975A0E800DC6B80 /* ArtemisExamCheckApp.swift */; };
		D55C08392975A0EB00DC6B80 /* Assets.xcassets in Resources */ = {isa = PBXBuildFile; fileRef = D55C08382975A0EB00DC6B80 /* Assets.xcassets */; };
		D55C083C2975A0EB00DC6B80 /* Preview Assets.xcassets in Resources */ = {isa = PBXBuildFile; fileRef = D55C083B2975A0EB00DC6B80 /* Preview Assets.xcassets */; };
/* End PBXBuildFile section */

/* Begin PBXFileReference section */
		A10986EB2B31CE3D007154FB /* .gitignore */ = {isa = PBXFileReference; lastKnownFileType = text; path = .gitignore; sourceTree = SOURCE_ROOT; };
		A10986EC2B31CE3D007154FB /* fastlane */ = {isa = PBXFileReference; lastKnownFileType = text; path = fastlane; sourceTree = SOURCE_ROOT; };
		A10986ED2B31CE3D007154FB /* .swiftlint.yml */ = {isa = PBXFileReference; lastKnownFileType = text.yaml; path = .swiftlint.yml; sourceTree = SOURCE_ROOT; };
		A10986EE2B31CE3D007154FB /* Gemfile.lock */ = {isa = PBXFileReference; lastKnownFileType = text; path = Gemfile.lock; sourceTree = SOURCE_ROOT; };
		A10986EF2B31CE3D007154FB /* LICENSE */ = {isa = PBXFileReference; lastKnownFileType = text; path = LICENSE; sourceTree = SOURCE_ROOT; };
		A10986F02B31CE3D007154FB /* Gemfile */ = {isa = PBXFileReference; lastKnownFileType = text; path = Gemfile; sourceTree = SOURCE_ROOT; };
		A10986F12B31CE3D007154FB /* README.md */ = {isa = PBXFileReference; lastKnownFileType = net.daringfireball.markdown; path = README.md; sourceTree = SOURCE_ROOT; };
		A17E897B2C16F4BB009CAADB /* Launch Screen.storyboard */ = {isa = PBXFileReference; lastKnownFileType = file.storyboard; path = "Launch Screen.storyboard"; sourceTree = "<group>"; };
		A1B574072AFAA4FB00A54ACE /* ArtemisExamCheckKit */ = {isa = PBXFileReference; lastKnownFileType = wrapper; path = ArtemisExamCheckKit; sourceTree = "<group>"; };
		D55C08312975A0E800DC6B80 /* ArtemisExamCheck.app */ = {isa = PBXFileReference; explicitFileType = wrapper.application; includeInIndex = 0; path = ArtemisExamCheck.app; sourceTree = BUILT_PRODUCTS_DIR; };
		D55C08342975A0E800DC6B80 /* ArtemisExamCheckApp.swift */ = {isa = PBXFileReference; lastKnownFileType = sourcecode.swift; path = ArtemisExamCheckApp.swift; sourceTree = "<group>"; };
		D55C08382975A0EB00DC6B80 /* Assets.xcassets */ = {isa = PBXFileReference; lastKnownFileType = folder.assetcatalog; path = Assets.xcassets; sourceTree = "<group>"; };
		D55C083B2975A0EB00DC6B80 /* Preview Assets.xcassets */ = {isa = PBXFileReference; lastKnownFileType = folder.assetcatalog; path = "Preview Assets.xcassets"; sourceTree = "<group>"; };
		D5CC96DC29800A62006D8653 /* Info.plist */ = {isa = PBXFileReference; lastKnownFileType = text.plist.xml; path = Info.plist; sourceTree = "<group>"; };
/* End PBXFileReference section */

/* Begin PBXFrameworksBuildPhase section */
		D55C082E2975A0E800DC6B80 /* Frameworks */ = {
			isa = PBXFrameworksBuildPhase;
			buildActionMask = 2147483647;
			files = (
				A1B574092AFAA89300A54ACE /* ArtemisExamCheckKit in Frameworks */,
			);
			runOnlyForDeploymentPostprocessing = 0;
		};
/* End PBXFrameworksBuildPhase section */

/* Begin PBXGroup section */
		D55C08282975A0E800DC6B80 = {
			isa = PBXGroup;
			children = (
				A1B574072AFAA4FB00A54ACE /* ArtemisExamCheckKit */,
				D55C08332975A0E800DC6B80 /* ArtemisExamCheck */,
				D55C08322975A0E800DC6B80 /* Products */,
				D589FFF9297959D800541D18 /* Frameworks */,
			);
			sourceTree = "<group>";
		};
		D55C08322975A0E800DC6B80 /* Products */ = {
			isa = PBXGroup;
			children = (
				D55C08312975A0E800DC6B80 /* ArtemisExamCheck.app */,
			);
			name = Products;
			sourceTree = "<group>";
		};
		D55C08332975A0E800DC6B80 /* ArtemisExamCheck */ = {
			isa = PBXGroup;
			children = (
				A10986EC2B31CE3D007154FB /* fastlane */,
				A10986EB2B31CE3D007154FB /* .gitignore */,
				A10986ED2B31CE3D007154FB /* .swiftlint.yml */,
				A10986F02B31CE3D007154FB /* Gemfile */,
				A10986EE2B31CE3D007154FB /* Gemfile.lock */,
				A10986EF2B31CE3D007154FB /* LICENSE */,
				A10986F12B31CE3D007154FB /* README.md */,
				D55C08342975A0E800DC6B80 /* ArtemisExamCheckApp.swift */,
				D55C08382975A0EB00DC6B80 /* Assets.xcassets */,
				D55C083A2975A0EB00DC6B80 /* Preview Content */,
				D5D98A08298003DC00ECD017 /* Supporting */,
			);
			path = ArtemisExamCheck;
			sourceTree = "<group>";
		};
		D55C083A2975A0EB00DC6B80 /* Preview Content */ = {
			isa = PBXGroup;
			children = (
				D55C083B2975A0EB00DC6B80 /* Preview Assets.xcassets */,
			);
			path = "Preview Content";
			sourceTree = "<group>";
		};
		D589FFF9297959D800541D18 /* Frameworks */ = {
			isa = PBXGroup;
			children = (
			);
			name = Frameworks;
			sourceTree = "<group>";
		};
		D5D98A08298003DC00ECD017 /* Supporting */ = {
			isa = PBXGroup;
			children = (
				D5CC96DC29800A62006D8653 /* Info.plist */,
				A17E897B2C16F4BB009CAADB /* Launch Screen.storyboard */,
			);
			path = Supporting;
			sourceTree = "<group>";
		};
/* End PBXGroup section */

/* Begin PBXNativeTarget section */
		D55C08302975A0E800DC6B80 /* ArtemisExamCheck */ = {
			isa = PBXNativeTarget;
			buildConfigurationList = D55C083F2975A0EB00DC6B80 /* Build configuration list for PBXNativeTarget "ArtemisExamCheck" */;
			buildPhases = (
				D5E3D3C7298541970036239F /* ShellScript */,
				D55C082D2975A0E800DC6B80 /* Sources */,
				D55C082E2975A0E800DC6B80 /* Frameworks */,
				D55C082F2975A0E800DC6B80 /* Resources */,
			);
			buildRules = (
			);
			dependencies = (
			);
			name = ArtemisExamCheck;
			packageProductDependencies = (
				A1B574082AFAA89300A54ACE /* ArtemisExamCheckKit */,
			);
			productName = "Artemis Exam Check";
			productReference = D55C08312975A0E800DC6B80 /* ArtemisExamCheck.app */;
			productType = "com.apple.product-type.application";
		};
/* End PBXNativeTarget section */

/* Begin PBXProject section */
		D55C08292975A0E800DC6B80 /* Project object */ = {
			isa = PBXProject;
			attributes = {
				BuildIndependentTargetsInParallel = 1;
				LastSwiftUpdateCheck = 1420;
				LastUpgradeCheck = 1500;
				TargetAttributes = {
					D55C08302975A0E800DC6B80 = {
						CreatedOnToolsVersion = 14.2;
					};
				};
			};
			buildConfigurationList = D55C082C2975A0E800DC6B80 /* Build configuration list for PBXProject "ArtemisExamCheck" */;
			compatibilityVersion = "Xcode 14.0";
			developmentRegion = en;
			hasScannedForEncodings = 0;
			knownRegions = (
				en,
				Base,
			);
			mainGroup = D55C08282975A0E800DC6B80;
			packageReferences = (
			);
			productRefGroup = D55C08322975A0E800DC6B80 /* Products */;
			projectDirPath = "";
			projectRoot = "";
			targets = (
				D55C08302975A0E800DC6B80 /* ArtemisExamCheck */,
			);
		};
/* End PBXProject section */

/* Begin PBXResourcesBuildPhase section */
		D55C082F2975A0E800DC6B80 /* Resources */ = {
			isa = PBXResourcesBuildPhase;
			buildActionMask = 2147483647;
			files = (
				A17E897C2C16F4BB009CAADB /* Launch Screen.storyboard in Resources */,
				D55C083C2975A0EB00DC6B80 /* Preview Assets.xcassets in Resources */,
				D55C08392975A0EB00DC6B80 /* Assets.xcassets in Resources */,
			);
			runOnlyForDeploymentPostprocessing = 0;
		};
/* End PBXResourcesBuildPhase section */

/* Begin PBXShellScriptBuildPhase section */
		D5E3D3C7298541970036239F /* ShellScript */ = {
			isa = PBXShellScriptBuildPhase;
			buildActionMask = 2147483647;
			files = (
			);
			inputFileListPaths = (
			);
			inputPaths = (
			);
			outputFileListPaths = (
			);
			outputPaths = (
			);
			runOnlyForDeploymentPostprocessing = 0;
			shellPath = /bin/sh;
			shellScript = "# Type a script or drag a script file from your workspace to insert its path.\nexport PATH=\"$PATH:/opt/homebrew/bin\"\nif which swiftlint > /dev/null; then\n  swiftlint\nelse\n  echo \"warning: SwiftLint not installed, download from https://github.com/realm/SwiftLint\"\nfi\n";
		};
/* End PBXShellScriptBuildPhase section */

/* Begin PBXSourcesBuildPhase section */
		D55C082D2975A0E800DC6B80 /* Sources */ = {
			isa = PBXSourcesBuildPhase;
			buildActionMask = 2147483647;
			files = (
				D55C08352975A0E800DC6B80 /* ArtemisExamCheckApp.swift in Sources */,
			);
			runOnlyForDeploymentPostprocessing = 0;
		};
/* End PBXSourcesBuildPhase section */

/* Begin XCBuildConfiguration section */
		D55C083D2975A0EB00DC6B80 /* Debug */ = {
			isa = XCBuildConfiguration;
			buildSettings = {
				ALWAYS_SEARCH_USER_PATHS = NO;
				ASSETCATALOG_COMPILER_GENERATE_SWIFT_ASSET_SYMBOL_EXTENSIONS = YES;
				CLANG_ANALYZER_NONNULL = YES;
				CLANG_ANALYZER_NUMBER_OBJECT_CONVERSION = YES_AGGRESSIVE;
				CLANG_CXX_LANGUAGE_STANDARD = "gnu++20";
				CLANG_ENABLE_MODULES = YES;
				CLANG_ENABLE_OBJC_ARC = YES;
				CLANG_ENABLE_OBJC_WEAK = YES;
				CLANG_WARN_BLOCK_CAPTURE_AUTORELEASING = YES;
				CLANG_WARN_BOOL_CONVERSION = YES;
				CLANG_WARN_COMMA = YES;
				CLANG_WARN_CONSTANT_CONVERSION = YES;
				CLANG_WARN_DEPRECATED_OBJC_IMPLEMENTATIONS = YES;
				CLANG_WARN_DIRECT_OBJC_ISA_USAGE = YES_ERROR;
				CLANG_WARN_DOCUMENTATION_COMMENTS = YES;
				CLANG_WARN_EMPTY_BODY = YES;
				CLANG_WARN_ENUM_CONVERSION = YES;
				CLANG_WARN_INFINITE_RECURSION = YES;
				CLANG_WARN_INT_CONVERSION = YES;
				CLANG_WARN_NON_LITERAL_NULL_CONVERSION = YES;
				CLANG_WARN_OBJC_IMPLICIT_RETAIN_SELF = YES;
				CLANG_WARN_OBJC_LITERAL_CONVERSION = YES;
				CLANG_WARN_OBJC_ROOT_CLASS = YES_ERROR;
				CLANG_WARN_QUOTED_INCLUDE_IN_FRAMEWORK_HEADER = YES;
				CLANG_WARN_RANGE_LOOP_ANALYSIS = YES;
				CLANG_WARN_STRICT_PROTOTYPES = YES;
				CLANG_WARN_SUSPICIOUS_MOVE = YES;
				CLANG_WARN_UNGUARDED_AVAILABILITY = YES_AGGRESSIVE;
				CLANG_WARN_UNREACHABLE_CODE = YES;
				CLANG_WARN__DUPLICATE_METHOD_MATCH = YES;
				COPY_PHASE_STRIP = NO;
				DEBUG_INFORMATION_FORMAT = dwarf;
				ENABLE_STRICT_OBJC_MSGSEND = YES;
				ENABLE_TESTABILITY = YES;
				ENABLE_USER_SCRIPT_SANDBOXING = NO;
				GCC_C_LANGUAGE_STANDARD = gnu11;
				GCC_DYNAMIC_NO_PIC = NO;
				GCC_NO_COMMON_BLOCKS = YES;
				GCC_OPTIMIZATION_LEVEL = 0;
				GCC_PREPROCESSOR_DEFINITIONS = (
					"DEBUG=1",
					"$(inherited)",
				);
				GCC_WARN_64_TO_32_BIT_CONVERSION = YES;
				GCC_WARN_ABOUT_RETURN_TYPE = YES_ERROR;
				GCC_WARN_UNDECLARED_SELECTOR = YES;
				GCC_WARN_UNINITIALIZED_AUTOS = YES_AGGRESSIVE;
				GCC_WARN_UNUSED_FUNCTION = YES;
				GCC_WARN_UNUSED_VARIABLE = YES;
				IPHONEOS_DEPLOYMENT_TARGET = 18.6;
				MTL_ENABLE_DEBUG_INFO = INCLUDE_SOURCE;
				MTL_FAST_MATH = YES;
				ONLY_ACTIVE_ARCH = YES;
				SDKROOT = iphoneos;
				SWIFT_ACTIVE_COMPILATION_CONDITIONS = DEBUG;
				SWIFT_OPTIMIZATION_LEVEL = "-Onone";
			};
			name = Debug;
		};
		D55C083E2975A0EB00DC6B80 /* Release */ = {
			isa = XCBuildConfiguration;
			buildSettings = {
				ALWAYS_SEARCH_USER_PATHS = NO;
				ASSETCATALOG_COMPILER_GENERATE_SWIFT_ASSET_SYMBOL_EXTENSIONS = YES;
				CLANG_ANALYZER_NONNULL = YES;
				CLANG_ANALYZER_NUMBER_OBJECT_CONVERSION = YES_AGGRESSIVE;
				CLANG_CXX_LANGUAGE_STANDARD = "gnu++20";
				CLANG_ENABLE_MODULES = YES;
				CLANG_ENABLE_OBJC_ARC = YES;
				CLANG_ENABLE_OBJC_WEAK = YES;
				CLANG_WARN_BLOCK_CAPTURE_AUTORELEASING = YES;
				CLANG_WARN_BOOL_CONVERSION = YES;
				CLANG_WARN_COMMA = YES;
				CLANG_WARN_CONSTANT_CONVERSION = YES;
				CLANG_WARN_DEPRECATED_OBJC_IMPLEMENTATIONS = YES;
				CLANG_WARN_DIRECT_OBJC_ISA_USAGE = YES_ERROR;
				CLANG_WARN_DOCUMENTATION_COMMENTS = YES;
				CLANG_WARN_EMPTY_BODY = YES;
				CLANG_WARN_ENUM_CONVERSION = YES;
				CLANG_WARN_INFINITE_RECURSION = YES;
				CLANG_WARN_INT_CONVERSION = YES;
				CLANG_WARN_NON_LITERAL_NULL_CONVERSION = YES;
				CLANG_WARN_OBJC_IMPLICIT_RETAIN_SELF = YES;
				CLANG_WARN_OBJC_LITERAL_CONVERSION = YES;
				CLANG_WARN_OBJC_ROOT_CLASS = YES_ERROR;
				CLANG_WARN_QUOTED_INCLUDE_IN_FRAMEWORK_HEADER = YES;
				CLANG_WARN_RANGE_LOOP_ANALYSIS = YES;
				CLANG_WARN_STRICT_PROTOTYPES = YES;
				CLANG_WARN_SUSPICIOUS_MOVE = YES;
				CLANG_WARN_UNGUARDED_AVAILABILITY = YES_AGGRESSIVE;
				CLANG_WARN_UNREACHABLE_CODE = YES;
				CLANG_WARN__DUPLICATE_METHOD_MATCH = YES;
				COPY_PHASE_STRIP = NO;
				DEBUG_INFORMATION_FORMAT = "dwarf-with-dsym";
				ENABLE_NS_ASSERTIONS = NO;
				ENABLE_STRICT_OBJC_MSGSEND = YES;
				ENABLE_USER_SCRIPT_SANDBOXING = NO;
				GCC_C_LANGUAGE_STANDARD = gnu11;
				GCC_NO_COMMON_BLOCKS = YES;
				GCC_WARN_64_TO_32_BIT_CONVERSION = YES;
				GCC_WARN_ABOUT_RETURN_TYPE = YES_ERROR;
				GCC_WARN_UNDECLARED_SELECTOR = YES;
				GCC_WARN_UNINITIALIZED_AUTOS = YES_AGGRESSIVE;
				GCC_WARN_UNUSED_FUNCTION = YES;
				GCC_WARN_UNUSED_VARIABLE = YES;
				IPHONEOS_DEPLOYMENT_TARGET = 18.6;
				MTL_ENABLE_DEBUG_INFO = NO;
				MTL_FAST_MATH = YES;
				SDKROOT = iphoneos;
				SWIFT_COMPILATION_MODE = wholemodule;
				SWIFT_OPTIMIZATION_LEVEL = "-O";
				VALIDATE_PRODUCT = YES;
			};
			name = Release;
		};
		D55C08402975A0EB00DC6B80 /* Debug */ = {
			isa = XCBuildConfiguration;
			buildSettings = {
				ASSETCATALOG_COMPILER_APPICON_NAME = AppIcon;
				ASSETCATALOG_COMPILER_GLOBAL_ACCENT_COLOR_NAME = AccentColor;
				CODE_SIGN_STYLE = Automatic;
				DEVELOPMENT_ASSET_PATHS = "\"ArtemisExamCheck/Preview Content\"";
				DEVELOPMENT_TEAM = T7PP2KY2B6;
				ENABLE_PREVIEWS = YES;
				GENERATE_INFOPLIST_FILE = NO;
				INFOPLIST_FILE = ArtemisExamCheck/Supporting/Info.plist;
				INFOPLIST_KEY_UIApplicationSceneManifest_Generation = YES;
				INFOPLIST_KEY_UIApplicationSupportsIndirectInputEvents = YES;
				INFOPLIST_KEY_UILaunchScreen_Generation = YES;
				INFOPLIST_KEY_UIRequiresFullScreen = YES;
				INFOPLIST_KEY_UISupportedInterfaceOrientations = "UIInterfaceOrientationLandscapeLeft UIInterfaceOrientationLandscapeRight UIInterfaceOrientationPortrait";
				INFOPLIST_KEY_UISupportedInterfaceOrientations_iPad = "UIInterfaceOrientationLandscapeLeft UIInterfaceOrientationLandscapeRight";
				IPHONEOS_DEPLOYMENT_TARGET = 18.0;
				LD_RUNPATH_SEARCH_PATHS = (
					"$(inherited)",
					"@executable_path/Frameworks",
				);
				PRODUCT_BUNDLE_IDENTIFIER = de.tum.cit.ase.artemis.examsupervision;
				PRODUCT_NAME = "$(TARGET_NAME)";
				SUPPORTED_PLATFORMS = "iphoneos iphonesimulator";
				SUPPORTS_MACCATALYST = NO;
				SUPPORTS_MAC_DESIGNED_FOR_IPHONE_IPAD = NO;
				SWIFT_EMIT_LOC_STRINGS = YES;
				SWIFT_VERSION = 5.0;
				TARGETED_DEVICE_FAMILY = 2;
			};
			name = Debug;
		};
		D55C08412975A0EB00DC6B80 /* Release */ = {
			isa = XCBuildConfiguration;
			buildSettings = {
				ASSETCATALOG_COMPILER_APPICON_NAME = AppIcon;
				ASSETCATALOG_COMPILER_GLOBAL_ACCENT_COLOR_NAME = AccentColor;
				CODE_SIGN_STYLE = Automatic;
				DEVELOPMENT_ASSET_PATHS = "\"ArtemisExamCheck/Preview Content\"";
				DEVELOPMENT_TEAM = T7PP2KY2B6;
				ENABLE_PREVIEWS = YES;
				GENERATE_INFOPLIST_FILE = NO;
				INFOPLIST_FILE = ArtemisExamCheck/Supporting/Info.plist;
				INFOPLIST_KEY_UIApplicationSceneManifest_Generation = YES;
				INFOPLIST_KEY_UIApplicationSupportsIndirectInputEvents = YES;
				INFOPLIST_KEY_UILaunchScreen_Generation = YES;
				INFOPLIST_KEY_UIRequiresFullScreen = YES;
				INFOPLIST_KEY_UISupportedInterfaceOrientations = "UIInterfaceOrientationLandscapeLeft UIInterfaceOrientationLandscapeRight UIInterfaceOrientationPortrait";
				INFOPLIST_KEY_UISupportedInterfaceOrientations_iPad = "UIInterfaceOrientationLandscapeLeft UIInterfaceOrientationLandscapeRight";
				IPHONEOS_DEPLOYMENT_TARGET = 18.0;
				LD_RUNPATH_SEARCH_PATHS = (
					"$(inherited)",
					"@executable_path/Frameworks",
				);
				PRODUCT_BUNDLE_IDENTIFIER = de.tum.cit.ase.artemis.examsupervision;
				PRODUCT_NAME = "$(TARGET_NAME)";
				SUPPORTED_PLATFORMS = "iphoneos iphonesimulator";
				SUPPORTS_MACCATALYST = NO;
				SUPPORTS_MAC_DESIGNED_FOR_IPHONE_IPAD = NO;
				SWIFT_EMIT_LOC_STRINGS = YES;
				SWIFT_VERSION = 5.0;
				TARGETED_DEVICE_FAMILY = 2;
			};
			name = Release;
		};
/* End XCBuildConfiguration section */

/* Begin XCConfigurationList section */
		D55C082C2975A0E800DC6B80 /* Build configuration list for PBXProject "ArtemisExamCheck" */ = {
			isa = XCConfigurationList;
			buildConfigurations = (
				D55C083D2975A0EB00DC6B80 /* Debug */,
				D55C083E2975A0EB00DC6B80 /* Release */,
			);
			defaultConfigurationIsVisible = 0;
			defaultConfigurationName = Release;
		};
		D55C083F2975A0EB00DC6B80 /* Build configuration list for PBXNativeTarget "ArtemisExamCheck" */ = {
			isa = XCConfigurationList;
			buildConfigurations = (
				D55C08402975A0EB00DC6B80 /* Debug */,
				D55C08412975A0EB00DC6B80 /* Release */,
			);
			defaultConfigurationIsVisible = 0;
			defaultConfigurationName = Release;
		};
/* End XCConfigurationList section */

/* Begin XCSwiftPackageProductDependency section */
		A1B574082AFAA89300A54ACE /* ArtemisExamCheckKit */ = {
			isa = XCSwiftPackageProductDependency;
			productName = ArtemisExamCheckKit;
		};
/* End XCSwiftPackageProductDependency section */
	};
	rootObject = D55C08292975A0E800DC6B80 /* Project object */;
}
